// !$*UTF8*$!
{
	archiveVersion = 1;
	classes = {
	};
	objectVersion = 51;
	objects = {

/* Begin PBXBuildFile section */
		19DEC04531F723B2C4890F1D /* Pods_MoodWidgetExtension.framework in Frameworks */ = {isa = PBXBuildFile; fileRef = 56F77634917C8A8EC3E9D8D5 /* Pods_MoodWidgetExtension.framework */; };
		843E624825AD280C00ADAF8B /* GoogleService-Info.plist in Resources */ = {isa = PBXBuildFile; fileRef = 84FFD8ED25A7F539004F15CE /* GoogleService-Info.plist */; };
		843E624D25AD7F1900ADAF8B /* Interger+ScaleRange.swift in Sources */ = {isa = PBXBuildFile; fileRef = 843E624C25AD7F1800ADAF8B /* Interger+ScaleRange.swift */; };
		843E625125AD7F2A00ADAF8B /* Interger+ScaleRange.swift in Sources */ = {isa = PBXBuildFile; fileRef = 843E624C25AD7F1800ADAF8B /* Interger+ScaleRange.swift */; };
		8455F01D25AAB7E50037B38B /* WidgetKit.framework in Frameworks */ = {isa = PBXBuildFile; fileRef = 8412D8C325AA11D100FD3EC0 /* WidgetKit.framework */; };
		8455F01E25AAB7E50037B38B /* SwiftUI.framework in Frameworks */ = {isa = PBXBuildFile; fileRef = 8412D8C525AA11D100FD3EC0 /* SwiftUI.framework */; };
		8455F02125AAB7E50037B38B /* MoodWidget.swift in Sources */ = {isa = PBXBuildFile; fileRef = 8455F02025AAB7E50037B38B /* MoodWidget.swift */; };
		8455F02325AAB7E70037B38B /* Assets.xcassets in Resources */ = {isa = PBXBuildFile; fileRef = 8455F02225AAB7E70037B38B /* Assets.xcassets */; };
		8455F02725AAB7E70037B38B /* MoodWidgetExtension.appex in Embed App Extensions */ = {isa = PBXBuildFile; fileRef = 8455F01C25AAB7E50037B38B /* MoodWidgetExtension.appex */; settings = {ATTRIBUTES = (RemoveHeadersOnCopy, ); }; };
		8475F18E25A8843900388B61 /* UserDefaultsController.swift in Sources */ = {isa = PBXBuildFile; fileRef = 8475F18D25A8843900388B61 /* UserDefaultsController.swift */; };
		8475F19325A8846E00388B61 /* User.swift in Sources */ = {isa = PBXBuildFile; fileRef = 8475F19225A8846E00388B61 /* User.swift */; };
		8475F19825A885D300388B61 /* DictionaryConvertible.swift in Sources */ = {isa = PBXBuildFile; fileRef = 8475F19725A885D300388B61 /* DictionaryConvertible.swift */; };
		847EEB5125AB7A4B003FFE1E /* MoodReportLoader.swift in Sources */ = {isa = PBXBuildFile; fileRef = 847EEB5025AB7A4B003FFE1E /* MoodReportLoader.swift */; };
		847EEB9125AB7B86003FFE1E /* UserDefaultsController.swift in Sources */ = {isa = PBXBuildFile; fileRef = 8475F18D25A8843900388B61 /* UserDefaultsController.swift */; };
		847EEB9525AB7B97003FFE1E /* MoodReport.swift in Sources */ = {isa = PBXBuildFile; fileRef = 84B3756B247C474E00909E1C /* MoodReport.swift */; };
		847EEB9925AD1C12003FFE1E /* User.swift in Sources */ = {isa = PBXBuildFile; fileRef = 8475F19225A8846E00388B61 /* User.swift */; };
		847EEBA425AD1C4E003FFE1E /* DictionaryConvertible.swift in Sources */ = {isa = PBXBuildFile; fileRef = 8475F19725A885D300388B61 /* DictionaryConvertible.swift */; };
		8498EED0247B095700794E8F /* AppDelegate.swift in Sources */ = {isa = PBXBuildFile; fileRef = 8498EECF247B095700794E8F /* AppDelegate.swift */; };
		8498EED2247B095700794E8F /* SceneDelegate.swift in Sources */ = {isa = PBXBuildFile; fileRef = 8498EED1247B095700794E8F /* SceneDelegate.swift */; };
		8498EED4247B095700794E8F /* MoodView.swift in Sources */ = {isa = PBXBuildFile; fileRef = 8498EED3247B095700794E8F /* MoodView.swift */; };
		8498EED9247B095A00794E8F /* Preview Assets.xcassets in Resources */ = {isa = PBXBuildFile; fileRef = 8498EED8247B095A00794E8F /* Preview Assets.xcassets */; };
		8498EEDC247B095A00794E8F /* LaunchScreen.storyboard in Resources */ = {isa = PBXBuildFile; fileRef = 8498EEDA247B095A00794E8F /* LaunchScreen.storyboard */; };
		84B3756C247C474E00909E1C /* MoodReport.swift in Sources */ = {isa = PBXBuildFile; fileRef = 84B3756B247C474E00909E1C /* MoodReport.swift */; };
		84B375732482184E00909E1C /* Config.swift in Sources */ = {isa = PBXBuildFile; fileRef = 84B375722482184E00909E1C /* Config.swift */; };
		84FFD8E925A7EE5B004F15CE /* Assets.xcassets in Resources */ = {isa = PBXBuildFile; fileRef = 84FFD8E825A7EE5B004F15CE /* Assets.xcassets */; };
		84FFD8EE25A7F539004F15CE /* GoogleService-Info.plist in Resources */ = {isa = PBXBuildFile; fileRef = 84FFD8ED25A7F539004F15CE /* GoogleService-Info.plist */; };
		EC57CF440D35B471DB69EF2A /* Pods_Mood.framework in Frameworks */ = {isa = PBXBuildFile; fileRef = A2FDBBA6E1011F7F34BF9F9B /* Pods_Mood.framework */; };
/* End PBXBuildFile section */

/* Begin PBXContainerItemProxy section */
		8455F02525AAB7E70037B38B /* PBXContainerItemProxy */ = {
			isa = PBXContainerItemProxy;
			containerPortal = 8498EEC4247B095700794E8F /* Project object */;
			proxyType = 1;
			remoteGlobalIDString = 8455F01B25AAB7E50037B38B;
			remoteInfo = MoodWidgetExtension;
		};
/* End PBXContainerItemProxy section */

/* Begin PBXCopyFilesBuildPhase section */
		8498EEF5247B09B500794E8F /* Embed App Extensions */ = {
			isa = PBXCopyFilesBuildPhase;
			buildActionMask = 2147483647;
			dstPath = "";
			dstSubfolderSpec = 13;
			files = (
				8455F02725AAB7E70037B38B /* MoodWidgetExtension.appex in Embed App Extensions */,
			);
			name = "Embed App Extensions";
			runOnlyForDeploymentPostprocessing = 0;
		};
/* End PBXCopyFilesBuildPhase section */

/* Begin PBXFileReference section */
		459593159C8273E17D0668D5 /* Pods-Mood.debug.xcconfig */ = {isa = PBXFileReference; includeInIndex = 1; lastKnownFileType = text.xcconfig; name = "Pods-Mood.debug.xcconfig"; path = "Target Support Files/Pods-Mood/Pods-Mood.debug.xcconfig"; sourceTree = "<group>"; };
		4AB3BF8103B12D1F87CF7502 /* Pods-MoodWidgetExtension.debug.xcconfig */ = {isa = PBXFileReference; includeInIndex = 1; lastKnownFileType = text.xcconfig; name = "Pods-MoodWidgetExtension.debug.xcconfig"; path = "Target Support Files/Pods-MoodWidgetExtension/Pods-MoodWidgetExtension.debug.xcconfig"; sourceTree = "<group>"; };
		56F77634917C8A8EC3E9D8D5 /* Pods_MoodWidgetExtension.framework */ = {isa = PBXFileReference; explicitFileType = wrapper.framework; includeInIndex = 0; path = Pods_MoodWidgetExtension.framework; sourceTree = BUILT_PRODUCTS_DIR; };
		594A281BC6B83AD22A57FDB0 /* Pods-Mood.release.xcconfig */ = {isa = PBXFileReference; includeInIndex = 1; lastKnownFileType = text.xcconfig; name = "Pods-Mood.release.xcconfig"; path = "Target Support Files/Pods-Mood/Pods-Mood.release.xcconfig"; sourceTree = "<group>"; };
		8412D8C325AA11D100FD3EC0 /* WidgetKit.framework */ = {isa = PBXFileReference; lastKnownFileType = wrapper.framework; name = WidgetKit.framework; path = System/Library/Frameworks/WidgetKit.framework; sourceTree = SDKROOT; };
		8412D8C525AA11D100FD3EC0 /* SwiftUI.framework */ = {isa = PBXFileReference; lastKnownFileType = wrapper.framework; name = SwiftUI.framework; path = System/Library/Frameworks/SwiftUI.framework; sourceTree = SDKROOT; };
		841C545825A7E2E3003AF18D /* Mood.entitlements */ = {isa = PBXFileReference; lastKnownFileType = text.plist.entitlements; path = Mood.entitlements; sourceTree = "<group>"; };
		843E624C25AD7F1800ADAF8B /* Interger+ScaleRange.swift */ = {isa = PBXFileReference; lastKnownFileType = sourcecode.swift; path = "Interger+ScaleRange.swift"; sourceTree = "<group>"; };
		8455F01C25AAB7E50037B38B /* MoodWidgetExtension.appex */ = {isa = PBXFileReference; explicitFileType = "wrapper.app-extension"; includeInIndex = 0; path = MoodWidgetExtension.appex; sourceTree = BUILT_PRODUCTS_DIR; };
		8455F02025AAB7E50037B38B /* MoodWidget.swift */ = {isa = PBXFileReference; lastKnownFileType = sourcecode.swift; path = MoodWidget.swift; sourceTree = "<group>"; };
		8455F02225AAB7E70037B38B /* Assets.xcassets */ = {isa = PBXFileReference; lastKnownFileType = folder.assetcatalog; path = Assets.xcassets; sourceTree = "<group>"; };
		8455F02425AAB7E70037B38B /* Info.plist */ = {isa = PBXFileReference; lastKnownFileType = text.plist.xml; path = Info.plist; sourceTree = "<group>"; };
		8475F18D25A8843900388B61 /* UserDefaultsController.swift */ = {isa = PBXFileReference; lastKnownFileType = sourcecode.swift; path = UserDefaultsController.swift; sourceTree = "<group>"; };
		8475F19225A8846E00388B61 /* User.swift */ = {isa = PBXFileReference; lastKnownFileType = sourcecode.swift; path = User.swift; sourceTree = "<group>"; };
		8475F19725A885D300388B61 /* DictionaryConvertible.swift */ = {isa = PBXFileReference; lastKnownFileType = sourcecode.swift; path = DictionaryConvertible.swift; sourceTree = "<group>"; };
		847EEB5025AB7A4B003FFE1E /* MoodReportLoader.swift */ = {isa = PBXFileReference; lastKnownFileType = sourcecode.swift; path = MoodReportLoader.swift; sourceTree = "<group>"; };
		8498EECC247B095700794E8F /* Mood.app */ = {isa = PBXFileReference; explicitFileType = wrapper.application; includeInIndex = 0; path = Mood.app; sourceTree = BUILT_PRODUCTS_DIR; };
		8498EECF247B095700794E8F /* AppDelegate.swift */ = {isa = PBXFileReference; lastKnownFileType = sourcecode.swift; path = AppDelegate.swift; sourceTree = "<group>"; };
		8498EED1247B095700794E8F /* SceneDelegate.swift */ = {isa = PBXFileReference; lastKnownFileType = sourcecode.swift; path = SceneDelegate.swift; sourceTree = "<group>"; };
		8498EED3247B095700794E8F /* MoodView.swift */ = {isa = PBXFileReference; lastKnownFileType = sourcecode.swift; path = MoodView.swift; sourceTree = "<group>"; };
		8498EED8247B095A00794E8F /* Preview Assets.xcassets */ = {isa = PBXFileReference; lastKnownFileType = folder.assetcatalog; path = "Preview Assets.xcassets"; sourceTree = "<group>"; };
		8498EEDB247B095A00794E8F /* Base */ = {isa = PBXFileReference; lastKnownFileType = file.storyboard; name = Base; path = Base.lproj/LaunchScreen.storyboard; sourceTree = "<group>"; };
		8498EEDD247B095A00794E8F /* Info.plist */ = {isa = PBXFileReference; lastKnownFileType = text.plist.xml; path = Info.plist; sourceTree = "<group>"; };
		8498EEE9247B09B500794E8F /* NotificationCenter.framework */ = {isa = PBXFileReference; lastKnownFileType = wrapper.framework; name = NotificationCenter.framework; path = System/Library/Frameworks/NotificationCenter.framework; sourceTree = SDKROOT; };
		84B3756B247C474E00909E1C /* MoodReport.swift */ = {isa = PBXFileReference; lastKnownFileType = sourcecode.swift; path = MoodReport.swift; sourceTree = "<group>"; };
		84B3756F248216D000909E1C /* settings.xcconfig */ = {isa = PBXFileReference; lastKnownFileType = text.xcconfig; path = settings.xcconfig; sourceTree = "<group>"; };
		84B375722482184E00909E1C /* Config.swift */ = {isa = PBXFileReference; lastKnownFileType = sourcecode.swift; path = Config.swift; sourceTree = "<group>"; };
		84FFD8E825A7EE5B004F15CE /* Assets.xcassets */ = {isa = PBXFileReference; lastKnownFileType = folder.assetcatalog; path = Assets.xcassets; sourceTree = "<group>"; };
		84FFD8ED25A7F539004F15CE /* GoogleService-Info.plist */ = {isa = PBXFileReference; fileEncoding = 4; lastKnownFileType = text.plist.xml; path = "GoogleService-Info.plist"; sourceTree = "<group>"; };
		A2FDBBA6E1011F7F34BF9F9B /* Pods_Mood.framework */ = {isa = PBXFileReference; explicitFileType = wrapper.framework; includeInIndex = 0; path = Pods_Mood.framework; sourceTree = BUILT_PRODUCTS_DIR; };
		FCB562233023922B03405616 /* Pods-MoodWidgetExtension.release.xcconfig */ = {isa = PBXFileReference; includeInIndex = 1; lastKnownFileType = text.xcconfig; name = "Pods-MoodWidgetExtension.release.xcconfig"; path = "Target Support Files/Pods-MoodWidgetExtension/Pods-MoodWidgetExtension.release.xcconfig"; sourceTree = "<group>"; };
/* End PBXFileReference section */

/* Begin PBXFrameworksBuildPhase section */
		8455F01925AAB7E50037B38B /* Frameworks */ = {
			isa = PBXFrameworksBuildPhase;
			buildActionMask = 2147483647;
			files = (
				8455F01E25AAB7E50037B38B /* SwiftUI.framework in Frameworks */,
				8455F01D25AAB7E50037B38B /* WidgetKit.framework in Frameworks */,
				19DEC04531F723B2C4890F1D /* Pods_MoodWidgetExtension.framework in Frameworks */,
			);
			runOnlyForDeploymentPostprocessing = 0;
		};
		8498EEC9247B095700794E8F /* Frameworks */ = {
			isa = PBXFrameworksBuildPhase;
			buildActionMask = 2147483647;
			files = (
				EC57CF440D35B471DB69EF2A /* Pods_Mood.framework in Frameworks */,
			);
			runOnlyForDeploymentPostprocessing = 0;
		};
/* End PBXFrameworksBuildPhase section */

/* Begin PBXGroup section */
		8455F01F25AAB7E50037B38B /* MoodWidget */ = {
			isa = PBXGroup;
			children = (
				8455F02025AAB7E50037B38B /* MoodWidget.swift */,
				8455F02225AAB7E70037B38B /* Assets.xcassets */,
				8455F02425AAB7E70037B38B /* Info.plist */,
				847EEB5025AB7A4B003FFE1E /* MoodReportLoader.swift */,
				843E624C25AD7F1800ADAF8B /* Interger+ScaleRange.swift */,
			);
			path = MoodWidget;
			sourceTree = "<group>";
		};
		8498EEC3247B095700794E8F = {
			isa = PBXGroup;
			children = (
				84B3756F248216D000909E1C /* settings.xcconfig */,
				84B375722482184E00909E1C /* Config.swift */,
				8498EECE247B095700794E8F /* Mood */,
				8455F01F25AAB7E50037B38B /* MoodWidget */,
				8498EEE8247B09B500794E8F /* Frameworks */,
				8498EECD247B095700794E8F /* Products */,
				E074A0F006021262AA3BC2EB /* Pods */,
			);
			sourceTree = "<group>";
		};
		8498EECD247B095700794E8F /* Products */ = {
			isa = PBXGroup;
			children = (
				8498EECC247B095700794E8F /* Mood.app */,
				8455F01C25AAB7E50037B38B /* MoodWidgetExtension.appex */,
			);
			name = Products;
			sourceTree = "<group>";
		};
		8498EECE247B095700794E8F /* Mood */ = {
			isa = PBXGroup;
			children = (
				841C545825A7E2E3003AF18D /* Mood.entitlements */,
				8498EECF247B095700794E8F /* AppDelegate.swift */,
				8498EED1247B095700794E8F /* SceneDelegate.swift */,
				84FFD8E825A7EE5B004F15CE /* Assets.xcassets */,
				8498EED3247B095700794E8F /* MoodView.swift */,
				8498EEDA247B095A00794E8F /* LaunchScreen.storyboard */,
				8498EEDD247B095A00794E8F /* Info.plist */,
				84FFD8ED25A7F539004F15CE /* GoogleService-Info.plist */,
				8498EED7247B095A00794E8F /* Preview Content */,
				84B3756B247C474E00909E1C /* MoodReport.swift */,
				8475F18D25A8843900388B61 /* UserDefaultsController.swift */,
				8475F19725A885D300388B61 /* DictionaryConvertible.swift */,
				8475F19225A8846E00388B61 /* User.swift */,
			);
			path = Mood;
			sourceTree = "<group>";
		};
		8498EED7247B095A00794E8F /* Preview Content */ = {
			isa = PBXGroup;
			children = (
				8498EED8247B095A00794E8F /* Preview Assets.xcassets */,
			);
			path = "Preview Content";
			sourceTree = "<group>";
		};
		8498EEE8247B09B500794E8F /* Frameworks */ = {
			isa = PBXGroup;
			children = (
				8498EEE9247B09B500794E8F /* NotificationCenter.framework */,
				8412D8C325AA11D100FD3EC0 /* WidgetKit.framework */,
				8412D8C525AA11D100FD3EC0 /* SwiftUI.framework */,
				A2FDBBA6E1011F7F34BF9F9B /* Pods_Mood.framework */,
				56F77634917C8A8EC3E9D8D5 /* Pods_MoodWidgetExtension.framework */,
			);
			name = Frameworks;
			sourceTree = "<group>";
		};
		E074A0F006021262AA3BC2EB /* Pods */ = {
			isa = PBXGroup;
			children = (
				459593159C8273E17D0668D5 /* Pods-Mood.debug.xcconfig */,
				594A281BC6B83AD22A57FDB0 /* Pods-Mood.release.xcconfig */,
				4AB3BF8103B12D1F87CF7502 /* Pods-MoodWidgetExtension.debug.xcconfig */,
				FCB562233023922B03405616 /* Pods-MoodWidgetExtension.release.xcconfig */,
			);
			path = Pods;
			sourceTree = "<group>";
		};
/* End PBXGroup section */

/* Begin PBXNativeTarget section */
		8455F01B25AAB7E50037B38B /* MoodWidgetExtension */ = {
			isa = PBXNativeTarget;
			buildConfigurationList = 8455F02A25AAB7E70037B38B /* Build configuration list for PBXNativeTarget "MoodWidgetExtension" */;
			buildPhases = (
				A9C0146CBA38A2ED79F0E70B /* [CP] Check Pods Manifest.lock */,
				8455F01825AAB7E50037B38B /* Sources */,
				8455F01925AAB7E50037B38B /* Frameworks */,
				8455F01A25AAB7E50037B38B /* Resources */,
			);
			buildRules = (
			);
			dependencies = (
			);
			name = MoodWidgetExtension;
			productName = MoodWidgetExtension;
			productReference = 8455F01C25AAB7E50037B38B /* MoodWidgetExtension.appex */;
			productType = "com.apple.product-type.app-extension";
		};
		8498EECB247B095700794E8F /* Mood */ = {
			isa = PBXNativeTarget;
			buildConfigurationList = 8498EEE0247B095A00794E8F /* Build configuration list for PBXNativeTarget "Mood" */;
			buildPhases = (
				BC995B7CF90307AB732B2F42 /* [CP] Check Pods Manifest.lock */,
				8498EEC8247B095700794E8F /* Sources */,
				8498EEC9247B095700794E8F /* Frameworks */,
				8498EECA247B095700794E8F /* Resources */,
				8498EEF5247B09B500794E8F /* Embed App Extensions */,
				7B543C4856AAD2A214E5FA2F /* [CP] Embed Pods Frameworks */,
			);
			buildRules = (
			);
			dependencies = (
				8455F02625AAB7E70037B38B /* PBXTargetDependency */,
			);
			name = Mood;
			productName = mood;
			productReference = 8498EECC247B095700794E8F /* Mood.app */;
			productType = "com.apple.product-type.application";
		};
/* End PBXNativeTarget section */

/* Begin PBXProject section */
		8498EEC4247B095700794E8F /* Project object */ = {
			isa = PBXProject;
			attributes = {
				LastSwiftUpdateCheck = 1230;
				LastUpgradeCheck = 1210;
				ORGANIZATIONNAME = hbb;
				TargetAttributes = {
					8455F01B25AAB7E50037B38B = {
						CreatedOnToolsVersion = 12.3;
					};
					8498EECB247B095700794E8F = {
						CreatedOnToolsVersion = 11.5;
					};
				};
			};
			buildConfigurationList = 8498EEC7247B095700794E8F /* Build configuration list for PBXProject "Mood" */;
			compatibilityVersion = "Xcode 9.3";
			developmentRegion = en;
			hasScannedForEncodings = 0;
			knownRegions = (
				en,
				Base,
			);
			mainGroup = 8498EEC3247B095700794E8F;
			productRefGroup = 8498EECD247B095700794E8F /* Products */;
			projectDirPath = "";
			projectRoot = "";
			targets = (
				8498EECB247B095700794E8F /* Mood */,
				8455F01B25AAB7E50037B38B /* MoodWidgetExtension */,
			);
		};
/* End PBXProject section */

/* Begin PBXResourcesBuildPhase section */
		8455F01A25AAB7E50037B38B /* Resources */ = {
			isa = PBXResourcesBuildPhase;
			buildActionMask = 2147483647;
			files = (
				8455F02325AAB7E70037B38B /* Assets.xcassets in Resources */,
				843E624825AD280C00ADAF8B /* GoogleService-Info.plist in Resources */,
			);
			runOnlyForDeploymentPostprocessing = 0;
		};
		8498EECA247B095700794E8F /* Resources */ = {
			isa = PBXResourcesBuildPhase;
			buildActionMask = 2147483647;
			files = (
				8498EEDC247B095A00794E8F /* LaunchScreen.storyboard in Resources */,
				84FFD8EE25A7F539004F15CE /* GoogleService-Info.plist in Resources */,
				84FFD8E925A7EE5B004F15CE /* Assets.xcassets in Resources */,
				8498EED9247B095A00794E8F /* Preview Assets.xcassets in Resources */,
			);
			runOnlyForDeploymentPostprocessing = 0;
		};
/* End PBXResourcesBuildPhase section */

/* Begin PBXShellScriptBuildPhase section */
		7B543C4856AAD2A214E5FA2F /* [CP] Embed Pods Frameworks */ = {
			isa = PBXShellScriptBuildPhase;
			buildActionMask = 2147483647;
			files = (
			);
			inputFileListPaths = (
				"${PODS_ROOT}/Target Support Files/Pods-Mood/Pods-Mood-frameworks-${CONFIGURATION}-input-files.xcfilelist",
			);
			name = "[CP] Embed Pods Frameworks";
			outputFileListPaths = (
				"${PODS_ROOT}/Target Support Files/Pods-Mood/Pods-Mood-frameworks-${CONFIGURATION}-output-files.xcfilelist",
			);
			runOnlyForDeploymentPostprocessing = 0;
			shellPath = /bin/sh;
			shellScript = "\"${PODS_ROOT}/Target Support Files/Pods-Mood/Pods-Mood-frameworks.sh\"\n";
			showEnvVarsInLog = 0;
		};
		A9C0146CBA38A2ED79F0E70B /* [CP] Check Pods Manifest.lock */ = {
			isa = PBXShellScriptBuildPhase;
			buildActionMask = 2147483647;
			files = (
			);
			inputFileListPaths = (
			);
			inputPaths = (
				"${PODS_PODFILE_DIR_PATH}/Podfile.lock",
				"${PODS_ROOT}/Manifest.lock",
			);
			name = "[CP] Check Pods Manifest.lock";
			outputFileListPaths = (
			);
			outputPaths = (
				"$(DERIVED_FILE_DIR)/Pods-MoodWidgetExtension-checkManifestLockResult.txt",
			);
			runOnlyForDeploymentPostprocessing = 0;
			shellPath = /bin/sh;
			shellScript = "diff \"${PODS_PODFILE_DIR_PATH}/Podfile.lock\" \"${PODS_ROOT}/Manifest.lock\" > /dev/null\nif [ $? != 0 ] ; then\n    # print error to STDERR\n    echo \"error: The sandbox is not in sync with the Podfile.lock. Run 'pod install' or update your CocoaPods installation.\" >&2\n    exit 1\nfi\n# This output is used by Xcode 'outputs' to avoid re-running this script phase.\necho \"SUCCESS\" > \"${SCRIPT_OUTPUT_FILE_0}\"\n";
			showEnvVarsInLog = 0;
		};
		BC995B7CF90307AB732B2F42 /* [CP] Check Pods Manifest.lock */ = {
			isa = PBXShellScriptBuildPhase;
			buildActionMask = 2147483647;
			files = (
			);
			inputFileListPaths = (
			);
			inputPaths = (
				"${PODS_PODFILE_DIR_PATH}/Podfile.lock",
				"${PODS_ROOT}/Manifest.lock",
			);
			name = "[CP] Check Pods Manifest.lock";
			outputFileListPaths = (
			);
			outputPaths = (
				"$(DERIVED_FILE_DIR)/Pods-Mood-checkManifestLockResult.txt",
			);
			runOnlyForDeploymentPostprocessing = 0;
			shellPath = /bin/sh;
			shellScript = "diff \"${PODS_PODFILE_DIR_PATH}/Podfile.lock\" \"${PODS_ROOT}/Manifest.lock\" > /dev/null\nif [ $? != 0 ] ; then\n    # print error to STDERR\n    echo \"error: The sandbox is not in sync with the Podfile.lock. Run 'pod install' or update your CocoaPods installation.\" >&2\n    exit 1\nfi\n# This output is used by Xcode 'outputs' to avoid re-running this script phase.\necho \"SUCCESS\" > \"${SCRIPT_OUTPUT_FILE_0}\"\n";
			showEnvVarsInLog = 0;
		};
/* End PBXShellScriptBuildPhase section */

/* Begin PBXSourcesBuildPhase section */
		8455F01825AAB7E50037B38B /* Sources */ = {
			isa = PBXSourcesBuildPhase;
			buildActionMask = 2147483647;
			files = (
				8455F02125AAB7E50037B38B /* MoodWidget.swift in Sources */,
				847EEB9125AB7B86003FFE1E /* UserDefaultsController.swift in Sources */,
				847EEB9525AB7B97003FFE1E /* MoodReport.swift in Sources */,
				847EEBA425AD1C4E003FFE1E /* DictionaryConvertible.swift in Sources */,
				847EEB9925AD1C12003FFE1E /* User.swift in Sources */,
				843E624D25AD7F1900ADAF8B /* Interger+ScaleRange.swift in Sources */,
				847EEB5125AB7A4B003FFE1E /* MoodReportLoader.swift in Sources */,
			);
			runOnlyForDeploymentPostprocessing = 0;
		};
		8498EEC8247B095700794E8F /* Sources */ = {
			isa = PBXSourcesBuildPhase;
			buildActionMask = 2147483647;
			files = (
				8475F19825A885D300388B61 /* DictionaryConvertible.swift in Sources */,
				8475F18E25A8843900388B61 /* UserDefaultsController.swift in Sources */,
				84B375732482184E00909E1C /* Config.swift in Sources */,
				84B3756C247C474E00909E1C /* MoodReport.swift in Sources */,
				8475F19325A8846E00388B61 /* User.swift in Sources */,
				843E625125AD7F2A00ADAF8B /* Interger+ScaleRange.swift in Sources */,
				8498EED0247B095700794E8F /* AppDelegate.swift in Sources */,
				8498EED2247B095700794E8F /* SceneDelegate.swift in Sources */,
				8498EED4247B095700794E8F /* MoodView.swift in Sources */,
			);
			runOnlyForDeploymentPostprocessing = 0;
		};
/* End PBXSourcesBuildPhase section */

/* Begin PBXTargetDependency section */
		8455F02625AAB7E70037B38B /* PBXTargetDependency */ = {
			isa = PBXTargetDependency;
			target = 8455F01B25AAB7E50037B38B /* MoodWidgetExtension */;
			targetProxy = 8455F02525AAB7E70037B38B /* PBXContainerItemProxy */;
		};
/* End PBXTargetDependency section */

/* Begin PBXVariantGroup section */
		8498EEDA247B095A00794E8F /* LaunchScreen.storyboard */ = {
			isa = PBXVariantGroup;
			children = (
				8498EEDB247B095A00794E8F /* Base */,
			);
			name = LaunchScreen.storyboard;
			sourceTree = "<group>";
		};
/* End PBXVariantGroup section */

/* Begin XCBuildConfiguration section */
		8455F02825AAB7E70037B38B /* Debug */ = {
			isa = XCBuildConfiguration;
			baseConfigurationReference = 4AB3BF8103B12D1F87CF7502 /* Pods-MoodWidgetExtension.debug.xcconfig */;
			buildSettings = {
				ASSETCATALOG_COMPILER_GLOBAL_ACCENT_COLOR_NAME = AccentColor;
				ASSETCATALOG_COMPILER_WIDGET_BACKGROUND_COLOR_NAME = WidgetBackground;
				CODE_SIGN_STYLE = Automatic;
				CURRENT_PROJECT_VERSION = 2;
				DEVELOPMENT_TEAM = F69PT65JD5;
				INFOPLIST_FILE = MoodWidget/Info.plist;
				IPHONEOS_DEPLOYMENT_TARGET = 14.3;
				LD_RUNPATH_SEARCH_PATHS = (
					"$(inherited)",
					"@executable_path/Frameworks",
					"@executable_path/../../Frameworks",
				);
				MARKETING_VERSION = 1.1;
				PRODUCT_BUNDLE_IDENTIFIER = com.honey.mood.MoodWidget;
				PRODUCT_NAME = "$(TARGET_NAME)";
				SKIP_INSTALL = YES;
				SWIFT_VERSION = 5.0;
				TARGETED_DEVICE_FAMILY = "1,2";
			};
			name = Debug;
		};
		8455F02925AAB7E70037B38B /* Release */ = {
			isa = XCBuildConfiguration;
			baseConfigurationReference = FCB562233023922B03405616 /* Pods-MoodWidgetExtension.release.xcconfig */;
			buildSettings = {
				ASSETCATALOG_COMPILER_GLOBAL_ACCENT_COLOR_NAME = AccentColor;
				ASSETCATALOG_COMPILER_WIDGET_BACKGROUND_COLOR_NAME = WidgetBackground;
				CODE_SIGN_STYLE = Automatic;
				CURRENT_PROJECT_VERSION = 2;
				DEVELOPMENT_TEAM = F69PT65JD5;
				INFOPLIST_FILE = MoodWidget/Info.plist;
				IPHONEOS_DEPLOYMENT_TARGET = 14.3;
				LD_RUNPATH_SEARCH_PATHS = (
					"$(inherited)",
					"@executable_path/Frameworks",
					"@executable_path/../../Frameworks",
				);
				MARKETING_VERSION = 1.1;
				PRODUCT_BUNDLE_IDENTIFIER = com.honey.mood.MoodWidget;
				PRODUCT_NAME = "$(TARGET_NAME)";
				SKIP_INSTALL = YES;
				SWIFT_VERSION = 5.0;
				TARGETED_DEVICE_FAMILY = "1,2";
			};
			name = Release;
		};
		8498EEDE247B095A00794E8F /* Debug */ = {
			isa = XCBuildConfiguration;
			baseConfigurationReference = 84B3756F248216D000909E1C /* settings.xcconfig */;
			buildSettings = {
				ALWAYS_SEARCH_USER_PATHS = NO;
				CLANG_ANALYZER_NONNULL = YES;
				CLANG_ANALYZER_NUMBER_OBJECT_CONVERSION = YES_AGGRESSIVE;
				CLANG_CXX_LANGUAGE_STANDARD = "gnu++14";
				CLANG_CXX_LIBRARY = "libc++";
				CLANG_ENABLE_MODULES = YES;
				CLANG_ENABLE_OBJC_ARC = YES;
				CLANG_ENABLE_OBJC_WEAK = YES;
				CLANG_WARN_BLOCK_CAPTURE_AUTORELEASING = YES;
				CLANG_WARN_BOOL_CONVERSION = YES;
				CLANG_WARN_COMMA = YES;
				CLANG_WARN_CONSTANT_CONVERSION = YES;
				CLANG_WARN_DEPRECATED_OBJC_IMPLEMENTATIONS = YES;
				CLANG_WARN_DIRECT_OBJC_ISA_USAGE = YES_ERROR;
				CLANG_WARN_DOCUMENTATION_COMMENTS = YES;
				CLANG_WARN_EMPTY_BODY = YES;
				CLANG_WARN_ENUM_CONVERSION = YES;
				CLANG_WARN_INFINITE_RECURSION = YES;
				CLANG_WARN_INT_CONVERSION = YES;
				CLANG_WARN_NON_LITERAL_NULL_CONVERSION = YES;
				CLANG_WARN_OBJC_IMPLICIT_RETAIN_SELF = YES;
				CLANG_WARN_OBJC_LITERAL_CONVERSION = YES;
				CLANG_WARN_OBJC_ROOT_CLASS = YES_ERROR;
				CLANG_WARN_QUOTED_INCLUDE_IN_FRAMEWORK_HEADER = YES;
				CLANG_WARN_RANGE_LOOP_ANALYSIS = YES;
				CLANG_WARN_STRICT_PROTOTYPES = YES;
				CLANG_WARN_SUSPICIOUS_MOVE = YES;
				CLANG_WARN_UNGUARDED_AVAILABILITY = YES_AGGRESSIVE;
				CLANG_WARN_UNREACHABLE_CODE = YES;
				CLANG_WARN__DUPLICATE_METHOD_MATCH = YES;
				COPY_PHASE_STRIP = NO;
				DEBUG_INFORMATION_FORMAT = dwarf;
				ENABLE_STRICT_OBJC_MSGSEND = YES;
				ENABLE_TESTABILITY = YES;
				GCC_C_LANGUAGE_STANDARD = gnu11;
				GCC_DYNAMIC_NO_PIC = NO;
				GCC_NO_COMMON_BLOCKS = YES;
				GCC_OPTIMIZATION_LEVEL = 0;
				GCC_PREPROCESSOR_DEFINITIONS = (
					"DEBUG=1",
					"$(inherited)",
				);
				GCC_WARN_64_TO_32_BIT_CONVERSION = YES;
				GCC_WARN_ABOUT_RETURN_TYPE = YES_ERROR;
				GCC_WARN_UNDECLARED_SELECTOR = YES;
				GCC_WARN_UNINITIALIZED_AUTOS = YES_AGGRESSIVE;
				GCC_WARN_UNUSED_FUNCTION = YES;
				GCC_WARN_UNUSED_VARIABLE = YES;
				IPHONEOS_DEPLOYMENT_TARGET = 13.5;
				MTL_ENABLE_DEBUG_INFO = INCLUDE_SOURCE;
				MTL_FAST_MATH = YES;
				ONLY_ACTIVE_ARCH = YES;
				SDKROOT = iphoneos;
				SWIFT_ACTIVE_COMPILATION_CONDITIONS = DEBUG;
				SWIFT_OPTIMIZATION_LEVEL = "-Onone";
			};
			name = Debug;
		};
		8498EEDF247B095A00794E8F /* Release */ = {
			isa = XCBuildConfiguration;
			baseConfigurationReference = 84B3756F248216D000909E1C /* settings.xcconfig */;
			buildSettings = {
				ALWAYS_SEARCH_USER_PATHS = NO;
				CLANG_ANALYZER_NONNULL = YES;
				CLANG_ANALYZER_NUMBER_OBJECT_CONVERSION = YES_AGGRESSIVE;
				CLANG_CXX_LANGUAGE_STANDARD = "gnu++14";
				CLANG_CXX_LIBRARY = "libc++";
				CLANG_ENABLE_MODULES = YES;
				CLANG_ENABLE_OBJC_ARC = YES;
				CLANG_ENABLE_OBJC_WEAK = YES;
				CLANG_WARN_BLOCK_CAPTURE_AUTORELEASING = YES;
				CLANG_WARN_BOOL_CONVERSION = YES;
				CLANG_WARN_COMMA = YES;
				CLANG_WARN_CONSTANT_CONVERSION = YES;
				CLANG_WARN_DEPRECATED_OBJC_IMPLEMENTATIONS = YES;
				CLANG_WARN_DIRECT_OBJC_ISA_USAGE = YES_ERROR;
				CLANG_WARN_DOCUMENTATION_COMMENTS = YES;
				CLANG_WARN_EMPTY_BODY = YES;
				CLANG_WARN_ENUM_CONVERSION = YES;
				CLANG_WARN_INFINITE_RECURSION = YES;
				CLANG_WARN_INT_CONVERSION = YES;
				CLANG_WARN_NON_LITERAL_NULL_CONVERSION = YES;
				CLANG_WARN_OBJC_IMPLICIT_RETAIN_SELF = YES;
				CLANG_WARN_OBJC_LITERAL_CONVERSION = YES;
				CLANG_WARN_OBJC_ROOT_CLASS = YES_ERROR;
				CLANG_WARN_QUOTED_INCLUDE_IN_FRAMEWORK_HEADER = YES;
				CLANG_WARN_RANGE_LOOP_ANALYSIS = YES;
				CLANG_WARN_STRICT_PROTOTYPES = YES;
				CLANG_WARN_SUSPICIOUS_MOVE = YES;
				CLANG_WARN_UNGUARDED_AVAILABILITY = YES_AGGRESSIVE;
				CLANG_WARN_UNREACHABLE_CODE = YES;
				CLANG_WARN__DUPLICATE_METHOD_MATCH = YES;
				COPY_PHASE_STRIP = NO;
				DEBUG_INFORMATION_FORMAT = "dwarf-with-dsym";
				ENABLE_NS_ASSERTIONS = NO;
				ENABLE_STRICT_OBJC_MSGSEND = YES;
				GCC_C_LANGUAGE_STANDARD = gnu11;
				GCC_NO_COMMON_BLOCKS = YES;
				GCC_WARN_64_TO_32_BIT_CONVERSION = YES;
				GCC_WARN_ABOUT_RETURN_TYPE = YES_ERROR;
				GCC_WARN_UNDECLARED_SELECTOR = YES;
				GCC_WARN_UNINITIALIZED_AUTOS = YES_AGGRESSIVE;
				GCC_WARN_UNUSED_FUNCTION = YES;
				GCC_WARN_UNUSED_VARIABLE = YES;
				IPHONEOS_DEPLOYMENT_TARGET = 13.5;
				MTL_ENABLE_DEBUG_INFO = NO;
				MTL_FAST_MATH = YES;
				SDKROOT = iphoneos;
				SWIFT_COMPILATION_MODE = wholemodule;
				SWIFT_OPTIMIZATION_LEVEL = "-O";
				VALIDATE_PRODUCT = YES;
			};
			name = Release;
		};
		8498EEE1247B095A00794E8F /* Debug */ = {
			isa = XCBuildConfiguration;
			baseConfigurationReference = 459593159C8273E17D0668D5 /* Pods-Mood.debug.xcconfig */;
			buildSettings = {
				ALWAYS_EMBED_SWIFT_STANDARD_LIBRARIES = YES;
				ASSETCATALOG_COMPILER_APPICON_NAME = AppIcon;
				CODE_SIGN_ENTITLEMENTS = Mood/Mood.entitlements;
				CODE_SIGN_STYLE = Automatic;
				CURRENT_PROJECT_VERSION = 2;
				DEVELOPMENT_ASSET_PATHS = "\"mood/Preview Content\"";
				DEVELOPMENT_TEAM = F69PT65JD5;
				ENABLE_PREVIEWS = YES;
				INFOPLIST_FILE = mood/Info.plist;
				IPHONEOS_DEPLOYMENT_TARGET = 14.3;
				LD_RUNPATH_SEARCH_PATHS = (
					"$(inherited)",
					"@executable_path/Frameworks",
				);
				MARKETING_VERSION = 1.1;
				PRODUCT_BUNDLE_IDENTIFIER = com.honey.mood;
				PRODUCT_NAME = "$(TARGET_NAME)";
				SWIFT_VERSION = 5.0;
				TARGETED_DEVICE_FAMILY = "1,2";
			};
			name = Debug;
		};
		8498EEE2247B095A00794E8F /* Release */ = {
			isa = XCBuildConfiguration;
			baseConfigurationReference = 594A281BC6B83AD22A57FDB0 /* Pods-Mood.release.xcconfig */;
			buildSettings = {
				ALWAYS_EMBED_SWIFT_STANDARD_LIBRARIES = YES;
				ASSETCATALOG_COMPILER_APPICON_NAME = AppIcon;
				CODE_SIGN_ENTITLEMENTS = Mood/Mood.entitlements;
				CODE_SIGN_STYLE = Automatic;
				CURRENT_PROJECT_VERSION = 2;
				DEVELOPMENT_ASSET_PATHS = "\"mood/Preview Content\"";
				DEVELOPMENT_TEAM = F69PT65JD5;
				ENABLE_PREVIEWS = YES;
				INFOPLIST_FILE = mood/Info.plist;
				IPHONEOS_DEPLOYMENT_TARGET = 14.3;
				LD_RUNPATH_SEARCH_PATHS = (
					"$(inherited)",
					"@executable_path/Frameworks",
				);
				MARKETING_VERSION = 1.1;
				PRODUCT_BUNDLE_IDENTIFIER = com.honey.mood;
				PRODUCT_NAME = "$(TARGET_NAME)";
				SWIFT_VERSION = 5.0;
				TARGETED_DEVICE_FAMILY = "1,2";
			};
			name = Release;
		};
/* End XCBuildConfiguration section */

/* Begin XCConfigurationList section */
		8455F02A25AAB7E70037B38B /* Build configuration list for PBXNativeTarget "MoodWidgetExtension" */ = {
			isa = XCConfigurationList;
			buildConfigurations = (
				8455F02825AAB7E70037B38B /* Debug */,
				8455F02925AAB7E70037B38B /* Release */,
			);
			defaultConfigurationIsVisible = 0;
			defaultConfigurationName = Release;
		};
		8498EEC7247B095700794E8F /* Build configuration list for PBXProject "Mood" */ = {
			isa = XCConfigurationList;
			buildConfigurations = (
				8498EEDE247B095A00794E8F /* Debug */,
				8498EEDF247B095A00794E8F /* Release */,
			);
			defaultConfigurationIsVisible = 0;
			defaultConfigurationName = Release;
		};
		8498EEE0247B095A00794E8F /* Build configuration list for PBXNativeTarget "Mood" */ = {
			isa = XCConfigurationList;
			buildConfigurations = (
				8498EEE1247B095A00794E8F /* Debug */,
				8498EEE2247B095A00794E8F /* Release */,
			);
			defaultConfigurationIsVisible = 0;
			defaultConfigurationName = Release;
		};
/* End XCConfigurationList section */
	};
	rootObject = 8498EEC4247B095700794E8F /* Project object */;
}
